
Microsoft Visual Studio Solution File, Format Version 12.00
# Visual Studio Version 17
VisualStudioVersion = 17.9.34622.214
MinimumVisualStudioVersion = 10.0.40219.1
Project("{9A19103F-16F7-4668-BE54-9A1E7A4F7556}") = "Kühlschrank", "Kühlschrank\Kühlschrank.csproj", "{B1B71129-11B7-4758-8D81-52B3B48AE9D1}"
EndProject
Global
	GlobalSection(SolutionConfigurationPlatforms) = preSolution
		Debug|Any CPU = Debug|Any CPU
		Release|Any CPU = Release|Any CPU
	EndGlobalSection
	GlobalSection(ProjectConfigurationPlatforms) = postSolution
		{B1B71129-11B7-4758-8D81-52B3B48AE9D1}.Debug|Any CPU.ActiveCfg = Debug|Any CPU
		{B1B71129-11B7-4758-8D81-52B3B48AE9D1}.Debug|Any CPU.Build.0 = Debug|Any CPU
		{B1B71129-11B7-4758-8D81-52B3B48AE9D1}.Release|Any CPU.ActiveCfg = Release|Any CPU
		{B1B71129-11B7-4758-8D81-52B3B48AE9D1}.Release|Any CPU.Build.0 = Release|Any CPU
	EndGlobalSection
	GlobalSection(SolutionProperties) = preSolution
		HideSolutionNode = FALSE
	EndGlobalSection
	GlobalSection(ExtensibilityGlobals) = postSolution
		SolutionGuid = {68EBCF5B-B021-4119-9FB3-F424B2054736}
	EndGlobalSection
EndGlobal
